github.com/cdvelop/input v0.0.60 h1:6HhaylVHcDjJZep58Cf1b7ROrz+b8s8Tht4TZP7+sMU=
github.com/cdvelop/model v0.0.78 h1:KrhNpV3LV1eND3fBBfZ/fHlLJASmkKP+di8fJdEJ0U4=
github.com/cdvelop/model v0.0.78/go.mod h1:cYJNxbv1WV/aDgiVPV9VXs8LrbF8+0nU+X+KfSevyzw=
github.com/cdvelop/object v0.0.42 h1:5GwdmbxPJJcGJPJNgvNt+9EYCfHDzF209Q+GyOENG8c=
github.com/cdvelop/object v0.0.42/go.mod h1:6tnCt6ErZ2m7tOE/wpJPc20tOk0+M5i6g3gP8cmknmc=
github.com/cdvelop/strings v0.0.8 h1:liZNqboKkU3YpetJF/6FpWlWErSJfK7ISnIWD6SAf/E=
github.com/cdvelop/strings v0.0.8/go.mod h1:zNexDeXHRETbMmlmNThQeM7ksRsvzrphsCfwuSxaURk=
github.com/cdvelop/timetools v0.0.26 h1:YHBjUDkJAwx6N5eAgIw6S3k/l+Xf80sqLzWHPfAjciU=
github.com/cdvelop/unixid v0.0.26 h1:CyUZDUWFeNj1u7pq7dSpnMJ2WleAphubMimkw0ftR+Q=
