github.com/cdvelop/model v0.0.73 h1:ETZ1E1eGpoFmAXFFjyGwYUbvnNIq7W4HgUy/cD2yxXE=
github.com/cdvelop/model v0.0.73/go.mod h1:I6yAOMHK0RqXT9EVHZ7Yd2sqSG/T15HfYO0xjQYKJQs=
github.com/cdvelop/strings v0.0.7 h1:QNgHE+qUE37jRrJbD7lR2/T9Qb/2QezyqjZyD+qYQL0=
github.com/cdvelop/strings v0.0.7/go.mod h1:zNexDeXHRETbMmlmNThQeM7ksRsvzrphsCfwuSxaURk=
